
Microsoft Visual Studio Solution File, Format Version 12.00
# Visual Studio Version 16
VisualStudioVersion = 16.0.29215.179
MinimumVisualStudioVersion = 10.0.40219.1
Project("{FAE04EC0-301F-11D3-BF4B-00C04F79EFBC}") = "wfLibreria_Hopz", "wfLibreria_Hopz\wfLibreria_Hopz.csproj", "{17189B23-3A05-4C8F-9F7C-522727B9C34A}"
EndProject
Global
	GlobalSection(SolutionConfigurationPlatforms) = preSolution
		Debug|Any CPU = Debug|Any CPU
		Release|Any CPU = Release|Any CPU
	EndGlobalSection
	GlobalSection(ProjectConfigurationPlatforms) = postSolution
		{17189B23-3A05-4C8F-9F7C-522727B9C34A}.Debug|Any CPU.ActiveCfg = Debug|Any CPU
		{17189B23-3A05-4C8F-9F7C-522727B9C34A}.Debug|Any CPU.Build.0 = Debug|Any CPU
		{17189B23-3A05-4C8F-9F7C-522727B9C34A}.Release|Any CPU.ActiveCfg = Release|Any CPU
		{17189B23-3A05-4C8F-9F7C-522727B9C34A}.Release|Any CPU.Build.0 = Release|Any CPU
	EndGlobalSection
	GlobalSection(SolutionProperties) = preSolution
		HideSolutionNode = FALSE
	EndGlobalSection
	GlobalSection(ExtensibilityGlobals) = postSolution
		SolutionGuid = {C43862BA-37DD-4074-BF89-06958AD62DE4}
	EndGlobalSection
EndGlobal
